
Microsoft Visual Studio Solution File, Format Version 12.00
# Visual Studio Version 16
VisualStudioVersion = 16.0.30413.136
MinimumVisualStudioVersion = 10.0.40219.1
Project("{FAE04EC0-301F-11D3-BF4B-00C04F79EFBC}") = "EmployeesCh12", "EmployeesCh12.csproj", "{801800BD-2C3E-4846-9793-19334C120D3C}"
EndProject
Global
	GlobalSection(SolutionConfigurationPlatforms) = preSolution
		Debug|Any CPU = Debug|Any CPU
		Release|Any CPU = Release|Any CPU
	EndGlobalSection
	GlobalSection(ProjectConfigurationPlatforms) = postSolution
		{801800BD-2C3E-4846-9793-19334C120D3C}.Debug|Any CPU.ActiveCfg = Debug|Any CPU
		{801800BD-2C3E-4846-9793-19334C120D3C}.Debug|Any CPU.Build.0 = Debug|Any CPU
		{801800BD-2C3E-4846-9793-19334C120D3C}.Release|Any CPU.ActiveCfg = Release|Any CPU
		{801800BD-2C3E-4846-9793-19334C120D3C}.Release|Any CPU.Build.0 = Release|Any CPU
	EndGlobalSection
	GlobalSection(SolutionProperties) = preSolution
		HideSolutionNode = FALSE
	EndGlobalSection
	GlobalSection(ExtensibilityGlobals) = postSolution
		SolutionGuid = {ECDF8859-4A38-4F96-9659-F086F09747D2}
	EndGlobalSection
EndGlobal
